
Microsoft Visual Studio Solution File, Format Version 12.00
# Visual Studio Version 16
VisualStudioVersion = 16.0.30717.126
MinimumVisualStudioVersion = 10.0.40219.1
Project("{FAE04EC0-301F-11D3-BF4B-00C04F79EFBC}") = "gesobrowser", "gesobrowser.csproj", "{5E16A82D-4854-419A-A875-1A09EB3E7AFA}"
EndProject
Global
	GlobalSection(SolutionConfigurationPlatforms) = preSolution
		Debug|Any CPU = Debug|Any CPU
		Debug|x64 = Debug|x64
		Debug|x86 = Debug|x86
		Release|Any CPU = Release|Any CPU
		Release|x64 = Release|x64
		Release|x86 = Release|x86
	EndGlobalSection
	GlobalSection(ProjectConfigurationPlatforms) = postSolution
		{5E16A82D-4854-419A-A875-1A09EB3E7AFA}.Debug|Any CPU.ActiveCfg = Debug|Any CPU
		{5E16A82D-4854-419A-A875-1A09EB3E7AFA}.Debug|Any CPU.Build.0 = Debug|Any CPU
		{5E16A82D-4854-419A-A875-1A09EB3E7AFA}.Debug|x64.ActiveCfg = Debug|x64
		{5E16A82D-4854-419A-A875-1A09EB3E7AFA}.Debug|x64.Build.0 = Debug|x64
		{5E16A82D-4854-419A-A875-1A09EB3E7AFA}.Debug|x86.ActiveCfg = Debug|x86
		{5E16A82D-4854-419A-A875-1A09EB3E7AFA}.Debug|x86.Build.0 = Debug|x86
		{5E16A82D-4854-419A-A875-1A09EB3E7AFA}.Release|Any CPU.ActiveCfg = Release|Any CPU
		{5E16A82D-4854-419A-A875-1A09EB3E7AFA}.Release|Any CPU.Build.0 = Release|Any CPU
		{5E16A82D-4854-419A-A875-1A09EB3E7AFA}.Release|x64.ActiveCfg = Debug|x64
		{5E16A82D-4854-419A-A875-1A09EB3E7AFA}.Release|x64.Build.0 = Debug|x64
		{5E16A82D-4854-419A-A875-1A09EB3E7AFA}.Release|x86.ActiveCfg = Release|x86
		{5E16A82D-4854-419A-A875-1A09EB3E7AFA}.Release|x86.Build.0 = Release|x86
	EndGlobalSection
	GlobalSection(SolutionProperties) = preSolution
		HideSolutionNode = FALSE
	EndGlobalSection
	GlobalSection(ExtensibilityGlobals) = postSolution
		SolutionGuid = {1B95B857-B152-4FA2-B143-BC4132BBD3A8}
	EndGlobalSection
EndGlobal
